
Microsoft Visual Studio Solution File, Format Version 12.00
# Visual Studio Version 17
VisualStudioVersion = 17.14.36518.9 d17.14
MinimumVisualStudioVersion = 10.0.40219.1
Project("{FAE04EC0-301F-11D3-BF4B-00C04F79EFBC}") = "P7_1_714240033", "P7_1_714240033\P7_1_714240033.csproj", "{B64AE2FF-9C63-4588-99FF-AAB2F1F062BD}"
EndProject
Global
	GlobalSection(SolutionConfigurationPlatforms) = preSolution
		Debug|Any CPU = Debug|Any CPU
		Release|Any CPU = Release|Any CPU
	EndGlobalSection
	GlobalSection(ProjectConfigurationPlatforms) = postSolution
		{B64AE2FF-9C63-4588-99FF-AAB2F1F062BD}.Debug|Any CPU.ActiveCfg = Debug|Any CPU
		{B64AE2FF-9C63-4588-99FF-AAB2F1F062BD}.Debug|Any CPU.Build.0 = Debug|Any CPU
		{B64AE2FF-9C63-4588-99FF-AAB2F1F062BD}.Release|Any CPU.ActiveCfg = Release|Any CPU
		{B64AE2FF-9C63-4588-99FF-AAB2F1F062BD}.Release|Any CPU.Build.0 = Release|Any CPU
	EndGlobalSection
	GlobalSection(SolutionProperties) = preSolution
		HideSolutionNode = FALSE
	EndGlobalSection
	GlobalSection(ExtensibilityGlobals) = postSolution
		SolutionGuid = {9D9FCE28-FE69-4AAE-9279-A66A96337A4E}
	EndGlobalSection
EndGlobal
