
Microsoft Visual Studio Solution File, Format Version 12.00
# Visual Studio Version 17
VisualStudioVersion = 17.14.36518.9 d17.14
MinimumVisualStudioVersion = 10.0.40219.1
Project("{FAE04EC0-301F-11D3-BF4B-00C04F79EFBC}") = "P3_1_714240033", "P3_1_714240033\P3_1_714240033.csproj", "{90964A4A-8E24-4456-8FF0-ADE0CE3A3D0E}"
EndProject
Global
	GlobalSection(SolutionConfigurationPlatforms) = preSolution
		Debug|Any CPU = Debug|Any CPU
		Release|Any CPU = Release|Any CPU
	EndGlobalSection
	GlobalSection(ProjectConfigurationPlatforms) = postSolution
		{90964A4A-8E24-4456-8FF0-ADE0CE3A3D0E}.Debug|Any CPU.ActiveCfg = Debug|Any CPU
		{90964A4A-8E24-4456-8FF0-ADE0CE3A3D0E}.Debug|Any CPU.Build.0 = Debug|Any CPU
		{90964A4A-8E24-4456-8FF0-ADE0CE3A3D0E}.Release|Any CPU.ActiveCfg = Release|Any CPU
		{90964A4A-8E24-4456-8FF0-ADE0CE3A3D0E}.Release|Any CPU.Build.0 = Release|Any CPU
	EndGlobalSection
	GlobalSection(SolutionProperties) = preSolution
		HideSolutionNode = FALSE
	EndGlobalSection
	GlobalSection(ExtensibilityGlobals) = postSolution
		SolutionGuid = {DC8CC8B7-959B-4E88-AB30-E693AF8E2926}
	EndGlobalSection
EndGlobal
