
Microsoft Visual Studio Solution File, Format Version 12.00
# Visual Studio Version 17
VisualStudioVersion = 17.14.36518.9 d17.14
MinimumVisualStudioVersion = 10.0.40219.1
Project("{FAE04EC0-301F-11D3-BF4B-00C04F79EFBC}") = "P6_1_714240033", "P6_1_714240033\P6_1_714240033.csproj", "{233CC0EC-B677-40BA-BBC5-F6B74B8FF627}"
EndProject
Global
	GlobalSection(SolutionConfigurationPlatforms) = preSolution
		Debug|Any CPU = Debug|Any CPU
		Release|Any CPU = Release|Any CPU
	EndGlobalSection
	GlobalSection(ProjectConfigurationPlatforms) = postSolution
		{233CC0EC-B677-40BA-BBC5-F6B74B8FF627}.Debug|Any CPU.ActiveCfg = Debug|Any CPU
		{233CC0EC-B677-40BA-BBC5-F6B74B8FF627}.Debug|Any CPU.Build.0 = Debug|Any CPU
		{233CC0EC-B677-40BA-BBC5-F6B74B8FF627}.Release|Any CPU.ActiveCfg = Release|Any CPU
		{233CC0EC-B677-40BA-BBC5-F6B74B8FF627}.Release|Any CPU.Build.0 = Release|Any CPU
	EndGlobalSection
	GlobalSection(SolutionProperties) = preSolution
		HideSolutionNode = FALSE
	EndGlobalSection
	GlobalSection(ExtensibilityGlobals) = postSolution
		SolutionGuid = {F7175D53-635E-4DFD-A1BD-1E7FB7303A00}
	EndGlobalSection
EndGlobal
