
Microsoft Visual Studio Solution File, Format Version 12.00
# Visual Studio Version 17
VisualStudioVersion = 17.14.36518.9 d17.14
MinimumVisualStudioVersion = 10.0.40219.1
Project("{FAE04EC0-301F-11D3-BF4B-00C04F79EFBC}") = "P5_4_714240033", "P5_4_714240033\P5_4_714240033.csproj", "{EC148B67-9CC3-4F89-B089-E56FAA735B8E}"
EndProject
Global
	GlobalSection(SolutionConfigurationPlatforms) = preSolution
		Debug|Any CPU = Debug|Any CPU
		Release|Any CPU = Release|Any CPU
	EndGlobalSection
	GlobalSection(ProjectConfigurationPlatforms) = postSolution
		{EC148B67-9CC3-4F89-B089-E56FAA735B8E}.Debug|Any CPU.ActiveCfg = Debug|Any CPU
		{EC148B67-9CC3-4F89-B089-E56FAA735B8E}.Debug|Any CPU.Build.0 = Debug|Any CPU
		{EC148B67-9CC3-4F89-B089-E56FAA735B8E}.Release|Any CPU.ActiveCfg = Release|Any CPU
		{EC148B67-9CC3-4F89-B089-E56FAA735B8E}.Release|Any CPU.Build.0 = Release|Any CPU
	EndGlobalSection
	GlobalSection(SolutionProperties) = preSolution
		HideSolutionNode = FALSE
	EndGlobalSection
	GlobalSection(ExtensibilityGlobals) = postSolution
		SolutionGuid = {EBAC1485-D9AA-4064-B9C2-D79B31C0F2A6}
	EndGlobalSection
EndGlobal
